
Microsoft Visual Studio Solution File, Format Version 12.00
# Visual Studio Version 17
VisualStudioVersion = 17.13.35931.197 d17.13
MinimumVisualStudioVersion = 10.0.40219.1
Project("{FAE04EC0-301F-11D3-BF4B-00C04F79EFBC}") = "WpfDemoB", "WpfDemoB\WpfDemoB.csproj", "{5F114415-FC88-40F0-973A-3B54D2383ACC}"
EndProject
Global
	GlobalSection(SolutionConfigurationPlatforms) = preSolution
		Debug|Any CPU = Debug|Any CPU
		Release|Any CPU = Release|Any CPU
	EndGlobalSection
	GlobalSection(ProjectConfigurationPlatforms) = postSolution
		{5F114415-FC88-40F0-973A-3B54D2383ACC}.Debug|Any CPU.ActiveCfg = Debug|Any CPU
		{5F114415-FC88-40F0-973A-3B54D2383ACC}.Debug|Any CPU.Build.0 = Debug|Any CPU
		{5F114415-FC88-40F0-973A-3B54D2383ACC}.Release|Any CPU.ActiveCfg = Release|Any CPU
		{5F114415-FC88-40F0-973A-3B54D2383ACC}.Release|Any CPU.Build.0 = Release|Any CPU
	EndGlobalSection
	GlobalSection(SolutionProperties) = preSolution
		HideSolutionNode = FALSE
	EndGlobalSection
	GlobalSection(ExtensibilityGlobals) = postSolution
		SolutionGuid = {66FDC612-973F-4131-A1AD-45EDCBF30A4C}
	EndGlobalSection
EndGlobal
